// !$*UTF8*$!
{
	archiveVersion = 1;
	classes = {
	};
	objectVersion = 46;
	objects = {

/* Begin PBXBuildFile section */
		0420CDBB1B3459D80035DD15 /* spin_down.png in Resources */ = {isa = PBXBuildFile; fileRef = 0420CDBA1B3459D80035DD15 /* spin_down.png */; };
		474A84281B320F1B00ADCDFF /* main.m in Sources */ = {isa = PBXBuildFile; fileRef = 474A84271B320F1B00ADCDFF /* main.m */; };
		474A842B1B320F1B00ADCDFF /* AppDelegate.m in Sources */ = {isa = PBXBuildFile; fileRef = 474A842A1B320F1B00ADCDFF /* AppDelegate.m */; };
		474A84311B320F1B00ADCDFF /* Main.storyboard in Resources */ = {isa = PBXBuildFile; fileRef = 474A842F1B320F1B00ADCDFF /* Main.storyboard */; };
		474A84331B320F1B00ADCDFF /* Images.xcassets in Resources */ = {isa = PBXBuildFile; fileRef = 474A84321B320F1B00ADCDFF /* Images.xcassets */; };
		474A84361B320F1B00ADCDFF /* LaunchScreen.xib in Resources */ = {isa = PBXBuildFile; fileRef = 474A84341B320F1B00ADCDFF /* LaunchScreen.xib */; };
		474A84421B320F1B00ADCDFF /* RestServiceTests.m in Sources */ = {isa = PBXBuildFile; fileRef = 474A84411B320F1B00ADCDFF /* RestServiceTests.m */; };
		47BE86D71B339F6800DA0421 /* AFHTTPRequestOperation.m in Sources */ = {isa = PBXBuildFile; fileRef = 47BE86B31B339F6800DA0421 /* AFHTTPRequestOperation.m */; };
		47BE86D81B339F6800DA0421 /* AFHTTPRequestOperationManager.m in Sources */ = {isa = PBXBuildFile; fileRef = 47BE86B51B339F6800DA0421 /* AFHTTPRequestOperationManager.m */; };
		47BE86D91B339F6800DA0421 /* AFHTTPSessionManager.m in Sources */ = {isa = PBXBuildFile; fileRef = 47BE86B71B339F6800DA0421 /* AFHTTPSessionManager.m */; };
		47BE86DA1B339F6800DA0421 /* AFNetworkReachabilityManager.m in Sources */ = {isa = PBXBuildFile; fileRef = 47BE86BA1B339F6800DA0421 /* AFNetworkReachabilityManager.m */; };
		47BE86DB1B339F6800DA0421 /* AFSecurityPolicy.m in Sources */ = {isa = PBXBuildFile; fileRef = 47BE86BC1B339F6800DA0421 /* AFSecurityPolicy.m */; };
		47BE86DC1B339F6800DA0421 /* AFURLConnectionOperation.m in Sources */ = {isa = PBXBuildFile; fileRef = 47BE86BE1B339F6800DA0421 /* AFURLConnectionOperation.m */; };
		47BE86DD1B339F6800DA0421 /* AFURLRequestSerialization.m in Sources */ = {isa = PBXBuildFile; fileRef = 47BE86C01B339F6800DA0421 /* AFURLRequestSerialization.m */; };
		47BE86DE1B339F6800DA0421 /* AFURLResponseSerialization.m in Sources */ = {isa = PBXBuildFile; fileRef = 47BE86C21B339F6800DA0421 /* AFURLResponseSerialization.m */; };
		47BE86DF1B339F6800DA0421 /* AFURLSessionManager.m in Sources */ = {isa = PBXBuildFile; fileRef = 47BE86C41B339F6800DA0421 /* AFURLSessionManager.m */; };
		47BE86E01B339F6800DA0421 /* AFNetworkActivityIndicatorManager.m in Sources */ = {isa = PBXBuildFile; fileRef = 47BE86C71B339F6800DA0421 /* AFNetworkActivityIndicatorManager.m */; };
		47BE86E11B339F6800DA0421 /* UIActivityIndicatorView+AFNetworking.m in Sources */ = {isa = PBXBuildFile; fileRef = 47BE86C91B339F6800DA0421 /* UIActivityIndicatorView+AFNetworking.m */; };
		47BE86E21B339F6800DA0421 /* UIAlertView+AFNetworking.m in Sources */ = {isa = PBXBuildFile; fileRef = 47BE86CB1B339F6800DA0421 /* UIAlertView+AFNetworking.m */; };
		47BE86E31B339F6800DA0421 /* UIButton+AFNetworking.m in Sources */ = {isa = PBXBuildFile; fileRef = 47BE86CD1B339F6800DA0421 /* UIButton+AFNetworking.m */; };
		47BE86E41B339F6800DA0421 /* UIImageView+AFNetworking.m in Sources */ = {isa = PBXBuildFile; fileRef = 47BE86CF1B339F6800DA0421 /* UIImageView+AFNetworking.m */; };
		47BE86E51B339F6800DA0421 /* UIProgressView+AFNetworking.m in Sources */ = {isa = PBXBuildFile; fileRef = 47BE86D21B339F6800DA0421 /* UIProgressView+AFNetworking.m */; };
		47BE86E61B339F6800DA0421 /* UIRefreshControl+AFNetworking.m in Sources */ = {isa = PBXBuildFile; fileRef = 47BE86D41B339F6800DA0421 /* UIRefreshControl+AFNetworking.m */; };
		47BE86E71B339F6800DA0421 /* UIWebView+AFNetworking.m in Sources */ = {isa = PBXBuildFile; fileRef = 47BE86D61B339F6800DA0421 /* UIWebView+AFNetworking.m */; };
		47BE86E91B33B1A100DA0421 /* ViewController.m in Sources */ = {isa = PBXBuildFile; fileRef = 474A842D1B320F1B00ADCDFF /* ViewController.m */; };
/* End PBXBuildFile section */

/* Begin PBXContainerItemProxy section */
		474A843C1B320F1B00ADCDFF /* PBXContainerItemProxy */ = {
			isa = PBXContainerItemProxy;
			containerPortal = 474A841A1B320F1B00ADCDFF /* Project object */;
			proxyType = 1;
			remoteGlobalIDString = 474A84211B320F1B00ADCDFF;
			remoteInfo = RestService;
		};
/* End PBXContainerItemProxy section */

/* Begin PBXFileReference section */
		0420CDBA1B3459D80035DD15 /* spin_down.png */ = {isa = PBXFileReference; lastKnownFileType = image.png; path = spin_down.png; sourceTree = "<group>"; };
		474A84221B320F1B00ADCDFF /* RestService.app */ = {isa = PBXFileReference; explicitFileType = wrapper.application; includeInIndex = 0; path = RestService.app; sourceTree = BUILT_PRODUCTS_DIR; };
		474A84261B320F1B00ADCDFF /* Info.plist */ = {isa = PBXFileReference; lastKnownFileType = text.plist.xml; path = Info.plist; sourceTree = "<group>"; };
		474A84271B320F1B00ADCDFF /* main.m */ = {isa = PBXFileReference; lastKnownFileType = sourcecode.c.objc; path = main.m; sourceTree = "<group>"; };
		474A84291B320F1B00ADCDFF /* AppDelegate.h */ = {isa = PBXFileReference; lastKnownFileType = sourcecode.c.h; path = AppDelegate.h; sourceTree = "<group>"; };
		474A842A1B320F1B00ADCDFF /* AppDelegate.m */ = {isa = PBXFileReference; lastKnownFileType = sourcecode.c.objc; path = AppDelegate.m; sourceTree = "<group>"; };
		474A842C1B320F1B00ADCDFF /* ViewController.h */ = {isa = PBXFileReference; lastKnownFileType = sourcecode.c.h; path = ViewController.h; sourceTree = "<group>"; };
		474A842D1B320F1B00ADCDFF /* ViewController.m */ = {isa = PBXFileReference; lastKnownFileType = sourcecode.c.objc; path = ViewController.m; sourceTree = "<group>"; };
		474A84301B320F1B00ADCDFF /* Base */ = {isa = PBXFileReference; lastKnownFileType = file.storyboard; name = Base; path = Base.lproj/Main.storyboard; sourceTree = "<group>"; };
		474A84321B320F1B00ADCDFF /* Images.xcassets */ = {isa = PBXFileReference; lastKnownFileType = folder.assetcatalog; path = Images.xcassets; sourceTree = "<group>"; };
		474A84351B320F1B00ADCDFF /* Base */ = {isa = PBXFileReference; lastKnownFileType = file.xib; name = Base; path = Base.lproj/LaunchScreen.xib; sourceTree = "<group>"; };
		474A843B1B320F1B00ADCDFF /* RestServiceTests.xctest */ = {isa = PBXFileReference; explicitFileType = wrapper.cfbundle; includeInIndex = 0; path = RestServiceTests.xctest; sourceTree = BUILT_PRODUCTS_DIR; };
		474A84401B320F1B00ADCDFF /* Info.plist */ = {isa = PBXFileReference; lastKnownFileType = text.plist.xml; path = Info.plist; sourceTree = "<group>"; };
		474A84411B320F1B00ADCDFF /* RestServiceTests.m */ = {isa = PBXFileReference; lastKnownFileType = sourcecode.c.objc; path = RestServiceTests.m; sourceTree = "<group>"; };
		47BE86B21B339F6800DA0421 /* AFHTTPRequestOperation.h */ = {isa = PBXFileReference; fileEncoding = 4; lastKnownFileType = sourcecode.c.h; path = AFHTTPRequestOperation.h; sourceTree = "<group>"; };
		47BE86B31B339F6800DA0421 /* AFHTTPRequestOperation.m */ = {isa = PBXFileReference; fileEncoding = 4; lastKnownFileType = sourcecode.c.objc; path = AFHTTPRequestOperation.m; sourceTree = "<group>"; };
		47BE86B41B339F6800DA0421 /* AFHTTPRequestOperationManager.h */ = {isa = PBXFileReference; fileEncoding = 4; lastKnownFileType = sourcecode.c.h; path = AFHTTPRequestOperationManager.h; sourceTree = "<group>"; };
		47BE86B51B339F6800DA0421 /* AFHTTPRequestOperationManager.m */ = {isa = PBXFileReference; fileEncoding = 4; lastKnownFileType = sourcecode.c.objc; path = AFHTTPRequestOperationManager.m; sourceTree = "<group>"; };
		47BE86B61B339F6800DA0421 /* AFHTTPSessionManager.h */ = {isa = PBXFileReference; fileEncoding = 4; lastKnownFileType = sourcecode.c.h; path = AFHTTPSessionManager.h; sourceTree = "<group>"; };
		47BE86B71B339F6800DA0421 /* AFHTTPSessionManager.m */ = {isa = PBXFileReference; fileEncoding = 4; lastKnownFileType = sourcecode.c.objc; path = AFHTTPSessionManager.m; sourceTree = "<group>"; };
		47BE86B81B339F6800DA0421 /* AFNetworking.h */ = {isa = PBXFileReference; fileEncoding = 4; lastKnownFileType = sourcecode.c.h; path = AFNetworking.h; sourceTree = "<group>"; };
		47BE86B91B339F6800DA0421 /* AFNetworkReachabilityManager.h */ = {isa = PBXFileReference; fileEncoding = 4; lastKnownFileType = sourcecode.c.h; path = AFNetworkReachabilityManager.h; sourceTree = "<group>"; };
		47BE86BA1B339F6800DA0421 /* AFNetworkReachabilityManager.m */ = {isa = PBXFileReference; fileEncoding = 4; lastKnownFileType = sourcecode.c.objc; path = AFNetworkReachabilityManager.m; sourceTree = "<group>"; };
		47BE86BB1B339F6800DA0421 /* AFSecurityPolicy.h */ = {isa = PBXFileReference; fileEncoding = 4; lastKnownFileType = sourcecode.c.h; path = AFSecurityPolicy.h; sourceTree = "<group>"; };
		47BE86BC1B339F6800DA0421 /* AFSecurityPolicy.m */ = {isa = PBXFileReference; fileEncoding = 4; lastKnownFileType = sourcecode.c.objc; path = AFSecurityPolicy.m; sourceTree = "<group>"; };
		47BE86BD1B339F6800DA0421 /* AFURLConnectionOperation.h */ = {isa = PBXFileReference; fileEncoding = 4; lastKnownFileType = sourcecode.c.h; path = AFURLConnectionOperation.h; sourceTree = "<group>"; };
		47BE86BE1B339F6800DA0421 /* AFURLConnectionOperation.m */ = {isa = PBXFileReference; fileEncoding = 4; lastKnownFileType = sourcecode.c.objc; path = AFURLConnectionOperation.m; sourceTree = "<group>"; };
		47BE86BF1B339F6800DA0421 /* AFURLRequestSerialization.h */ = {isa = PBXFileReference; fileEncoding = 4; lastKnownFileType = sourcecode.c.h; path = AFURLRequestSerialization.h; sourceTree = "<group>"; };
		47BE86C01B339F6800DA0421 /* AFURLRequestSerialization.m */ = {isa = PBXFileReference; fileEncoding = 4; lastKnownFileType = sourcecode.c.objc; path = AFURLRequestSerialization.m; sourceTree = "<group>"; };
		47BE86C11B339F6800DA0421 /* AFURLResponseSerialization.h */ = {isa = PBXFileReference; fileEncoding = 4; lastKnownFileType = sourcecode.c.h; path = AFURLResponseSerialization.h; sourceTree = "<group>"; };
		47BE86C21B339F6800DA0421 /* AFURLResponseSerialization.m */ = {isa = PBXFileReference; fileEncoding = 4; lastKnownFileType = sourcecode.c.objc; path = AFURLResponseSerialization.m; sourceTree = "<group>"; };
		47BE86C31B339F6800DA0421 /* AFURLSessionManager.h */ = {isa = PBXFileReference; fileEncoding = 4; lastKnownFileType = sourcecode.c.h; path = AFURLSessionManager.h; sourceTree = "<group>"; };
		47BE86C41B339F6800DA0421 /* AFURLSessionManager.m */ = {isa = PBXFileReference; fileEncoding = 4; lastKnownFileType = sourcecode.c.objc; path = AFURLSessionManager.m; sourceTree = "<group>"; };
		47BE86C61B339F6800DA0421 /* AFNetworkActivityIndicatorManager.h */ = {isa = PBXFileReference; fileEncoding = 4; lastKnownFileType = sourcecode.c.h; path = AFNetworkActivityIndicatorManager.h; sourceTree = "<group>"; };
		47BE86C71B339F6800DA0421 /* AFNetworkActivityIndicatorManager.m */ = {isa = PBXFileReference; fileEncoding = 4; lastKnownFileType = sourcecode.c.objc; path = AFNetworkActivityIndicatorManager.m; sourceTree = "<group>"; };
		47BE86C81B339F6800DA0421 /* UIActivityIndicatorView+AFNetworking.h */ = {isa = PBXFileReference; fileEncoding = 4; lastKnownFileType = sourcecode.c.h; path = "UIActivityIndicatorView+AFNetworking.h"; sourceTree = "<group>"; };
		47BE86C91B339F6800DA0421 /* UIActivityIndicatorView+AFNetworking.m */ = {isa = PBXFileReference; fileEncoding = 4; lastKnownFileType = sourcecode.c.objc; path = "UIActivityIndicatorView+AFNetworking.m"; sourceTree = "<group>"; };
		47BE86CA1B339F6800DA0421 /* UIAlertView+AFNetworking.h */ = {isa = PBXFileReference; fileEncoding = 4; lastKnownFileType = sourcecode.c.h; path = "UIAlertView+AFNetworking.h"; sourceTree = "<group>"; };
		47BE86CB1B339F6800DA0421 /* UIAlertView+AFNetworking.m */ = {isa = PBXFileReference; fileEncoding = 4; lastKnownFileType = sourcecode.c.objc; path = "UIAlertView+AFNetworking.m"; sourceTree = "<group>"; };
		47BE86CC1B339F6800DA0421 /* UIButton+AFNetworking.h */ = {isa = PBXFileReference; fileEncoding = 4; lastKnownFileType = sourcecode.c.h; path = "UIButton+AFNetworking.h"; sourceTree = "<group>"; };
		47BE86CD1B339F6800DA0421 /* UIButton+AFNetworking.m */ = {isa = PBXFileReference; fileEncoding = 4; lastKnownFileType = sourcecode.c.objc; path = "UIButton+AFNetworking.m"; sourceTree = "<group>"; };
		47BE86CE1B339F6800DA0421 /* UIImageView+AFNetworking.h */ = {isa = PBXFileReference; fileEncoding = 4; lastKnownFileType = sourcecode.c.h; path = "UIImageView+AFNetworking.h"; sourceTree = "<group>"; };
		47BE86CF1B339F6800DA0421 /* UIImageView+AFNetworking.m */ = {isa = PBXFileReference; fileEncoding = 4; lastKnownFileType = sourcecode.c.objc; path = "UIImageView+AFNetworking.m"; sourceTree = "<group>"; };
		47BE86D01B339F6800DA0421 /* UIKit+AFNetworking.h */ = {isa = PBXFileReference; fileEncoding = 4; lastKnownFileType = sourcecode.c.h; path = "UIKit+AFNetworking.h"; sourceTree = "<group>"; };
		47BE86D11B339F6800DA0421 /* UIProgressView+AFNetworking.h */ = {isa = PBXFileReference; fileEncoding = 4; lastKnownFileType = sourcecode.c.h; path = "UIProgressView+AFNetworking.h"; sourceTree = "<group>"; };
		47BE86D21B339F6800DA0421 /* UIProgressView+AFNetworking.m */ = {isa = PBXFileReference; fileEncoding = 4; lastKnownFileType = sourcecode.c.objc; path = "UIProgressView+AFNetworking.m"; sourceTree = "<group>"; };
		47BE86D31B339F6800DA0421 /* UIRefreshControl+AFNetworking.h */ = {isa = PBXFileReference; fileEncoding = 4; lastKnownFileType = sourcecode.c.h; path = "UIRefreshControl+AFNetworking.h"; sourceTree = "<group>"; };
		47BE86D41B339F6800DA0421 /* UIRefreshControl+AFNetworking.m */ = {isa = PBXFileReference; fileEncoding = 4; lastKnownFileType = sourcecode.c.objc; path = "UIRefreshControl+AFNetworking.m"; sourceTree = "<group>"; };
		47BE86D51B339F6800DA0421 /* UIWebView+AFNetworking.h */ = {isa = PBXFileReference; fileEncoding = 4; lastKnownFileType = sourcecode.c.h; path = "UIWebView+AFNetworking.h"; sourceTree = "<group>"; };
		47BE86D61B339F6800DA0421 /* UIWebView+AFNetworking.m */ = {isa = PBXFileReference; fileEncoding = 4; lastKnownFileType = sourcecode.c.objc; path = "UIWebView+AFNetworking.m"; sourceTree = "<group>"; };
/* End PBXFileReference section */

/* Begin PBXFrameworksBuildPhase section */
		474A841F1B320F1B00ADCDFF /* Frameworks */ = {
			isa = PBXFrameworksBuildPhase;
			buildActionMask = 2147483647;
			files = (
			);
			runOnlyForDeploymentPostprocessing = 0;
		};
		474A84381B320F1B00ADCDFF /* Frameworks */ = {
			isa = PBXFrameworksBuildPhase;
			buildActionMask = 2147483647;
			files = (
			);
			runOnlyForDeploymentPostprocessing = 0;
		};
/* End PBXFrameworksBuildPhase section */

/* Begin PBXGroup section */
		474A84191B320F1B00ADCDFF = {
			isa = PBXGroup;
			children = (
				47BE86B11B339F6800DA0421 /* AFNetworking */,
				47BE86C51B339F6800DA0421 /* UIKit+AFNetworking */,
				474A84241B320F1B00ADCDFF /* RestService */,
				474A843E1B320F1B00ADCDFF /* RestServiceTests */,
				474A84231B320F1B00ADCDFF /* Products */,
			);
			sourceTree = "<group>";
		};
		474A84231B320F1B00ADCDFF /* Products */ = {
			isa = PBXGroup;
			children = (
				474A84221B320F1B00ADCDFF /* RestService.app */,
				474A843B1B320F1B00ADCDFF /* RestServiceTests.xctest */,
			);
			name = Products;
			sourceTree = "<group>";
		};
		474A84241B320F1B00ADCDFF /* RestService */ = {
			isa = PBXGroup;
			children = (
				0420CDBA1B3459D80035DD15 /* spin_down.png */,
				474A84291B320F1B00ADCDFF /* AppDelegate.h */,
				474A842A1B320F1B00ADCDFF /* AppDelegate.m */,
				474A842C1B320F1B00ADCDFF /* ViewController.h */,
				474A842D1B320F1B00ADCDFF /* ViewController.m */,
				474A842F1B320F1B00ADCDFF /* Main.storyboard */,
				474A84321B320F1B00ADCDFF /* Images.xcassets */,
				474A84341B320F1B00ADCDFF /* LaunchScreen.xib */,
				474A84251B320F1B00ADCDFF /* Supporting Files */,
			);
			path = RestService;
			sourceTree = "<group>";
		};
		474A84251B320F1B00ADCDFF /* Supporting Files */ = {
			isa = PBXGroup;
			children = (
				474A84261B320F1B00ADCDFF /* Info.plist */,
				474A84271B320F1B00ADCDFF /* main.m */,
			);
			name = "Supporting Files";
			sourceTree = "<group>";
		};
		474A843E1B320F1B00ADCDFF /* RestServiceTests */ = {
			isa = PBXGroup;
			children = (
				474A84411B320F1B00ADCDFF /* RestServiceTests.m */,
				474A843F1B320F1B00ADCDFF /* Supporting Files */,
			);
			path = RestServiceTests;
			sourceTree = "<group>";
		};
		474A843F1B320F1B00ADCDFF /* Supporting Files */ = {
			isa = PBXGroup;
			children = (
				474A84401B320F1B00ADCDFF /* Info.plist */,
			);
			name = "Supporting Files";
			sourceTree = "<group>";
		};
		47BE86B11B339F6800DA0421 /* AFNetworking */ = {
			isa = PBXGroup;
			children = (
				47BE86B21B339F6800DA0421 /* AFHTTPRequestOperation.h */,
				47BE86B31B339F6800DA0421 /* AFHTTPRequestOperation.m */,
				47BE86B41B339F6800DA0421 /* AFHTTPRequestOperationManager.h */,
				47BE86B51B339F6800DA0421 /* AFHTTPRequestOperationManager.m */,
				47BE86B61B339F6800DA0421 /* AFHTTPSessionManager.h */,
				47BE86B71B339F6800DA0421 /* AFHTTPSessionManager.m */,
				47BE86B81B339F6800DA0421 /* AFNetworking.h */,
				47BE86B91B339F6800DA0421 /* AFNetworkReachabilityManager.h */,
				47BE86BA1B339F6800DA0421 /* AFNetworkReachabilityManager.m */,
				47BE86BB1B339F6800DA0421 /* AFSecurityPolicy.h */,
				47BE86BC1B339F6800DA0421 /* AFSecurityPolicy.m */,
				47BE86BD1B339F6800DA0421 /* AFURLConnectionOperation.h */,
				47BE86BE1B339F6800DA0421 /* AFURLConnectionOperation.m */,
				47BE86BF1B339F6800DA0421 /* AFURLRequestSerialization.h */,
				47BE86C01B339F6800DA0421 /* AFURLRequestSerialization.m */,
				47BE86C11B339F6800DA0421 /* AFURLResponseSerialization.h */,
				47BE86C21B339F6800DA0421 /* AFURLResponseSerialization.m */,
				47BE86C31B339F6800DA0421 /* AFURLSessionManager.h */,
				47BE86C41B339F6800DA0421 /* AFURLSessionManager.m */,
			);
			path = AFNetworking;
			sourceTree = "<group>";
		};
		47BE86C51B339F6800DA0421 /* UIKit+AFNetworking */ = {
			isa = PBXGroup;
			children = (
				47BE86C61B339F6800DA0421 /* AFNetworkActivityIndicatorManager.h */,
				47BE86C71B339F6800DA0421 /* AFNetworkActivityIndicatorManager.m */,
				47BE86C81B339F6800DA0421 /* UIActivityIndicatorView+AFNetworking.h */,
				47BE86C91B339F6800DA0421 /* UIActivityIndicatorView+AFNetworking.m */,
				47BE86CA1B339F6800DA0421 /* UIAlertView+AFNetworking.h */,
				47BE86CB1B339F6800DA0421 /* UIAlertView+AFNetworking.m */,
				47BE86CC1B339F6800DA0421 /* UIButton+AFNetworking.h */,
				47BE86CD1B339F6800DA0421 /* UIButton+AFNetworking.m */,
				47BE86CE1B339F6800DA0421 /* UIImageView+AFNetworking.h */,
				47BE86CF1B339F6800DA0421 /* UIImageView+AFNetworking.m */,
				47BE86D01B339F6800DA0421 /* UIKit+AFNetworking.h */,
				47BE86D11B339F6800DA0421 /* UIProgressView+AFNetworking.h */,
				47BE86D21B339F6800DA0421 /* UIProgressView+AFNetworking.m */,
				47BE86D31B339F6800DA0421 /* UIRefreshControl+AFNetworking.h */,
				47BE86D41B339F6800DA0421 /* UIRefreshControl+AFNetworking.m */,
				47BE86D51B339F6800DA0421 /* UIWebView+AFNetworking.h */,
				47BE86D61B339F6800DA0421 /* UIWebView+AFNetworking.m */,
			);
			path = "UIKit+AFNetworking";
			sourceTree = "<group>";
		};
/* End PBXGroup section */

/* Begin PBXNativeTarget section */
		474A84211B320F1B00ADCDFF /* RestService */ = {
			isa = PBXNativeTarget;
			buildConfigurationList = 474A84451B320F1B00ADCDFF /* Build configuration list for PBXNativeTarget "RestService" */;
			buildPhases = (
				474A841E1B320F1B00ADCDFF /* Sources */,
				474A841F1B320F1B00ADCDFF /* Frameworks */,
				474A84201B320F1B00ADCDFF /* Resources */,
			);
			buildRules = (
			);
			dependencies = (
			);
			name = RestService;
			productName = RestService;
			productReference = 474A84221B320F1B00ADCDFF /* RestService.app */;
			productType = "com.apple.product-type.application";
		};
		474A843A1B320F1B00ADCDFF /* RestServiceTests */ = {
			isa = PBXNativeTarget;
			buildConfigurationList = 474A84481B320F1B00ADCDFF /* Build configuration list for PBXNativeTarget "RestServiceTests" */;
			buildPhases = (
				474A84371B320F1B00ADCDFF /* Sources */,
				474A84381B320F1B00ADCDFF /* Frameworks */,
				474A84391B320F1B00ADCDFF /* Resources */,
			);
			buildRules = (
			);
			dependencies = (
				474A843D1B320F1B00ADCDFF /* PBXTargetDependency */,
			);
			name = RestServiceTests;
			productName = RestServiceTests;
			productReference = 474A843B1B320F1B00ADCDFF /* RestServiceTests.xctest */;
			productType = "com.apple.product-type.bundle.unit-test";
		};
/* End PBXNativeTarget section */

/* Begin PBXProject section */
		474A841A1B320F1B00ADCDFF /* Project object */ = {
			isa = PBXProject;
			attributes = {
				LastUpgradeCheck = 0630;
				ORGANIZATIONNAME = "sivaji ganesh kandimalla";
				TargetAttributes = {
					474A84211B320F1B00ADCDFF = {
						CreatedOnToolsVersion = 6.3.2;
					};
					474A843A1B320F1B00ADCDFF = {
						CreatedOnToolsVersion = 6.3.2;
						TestTargetID = 474A84211B320F1B00ADCDFF;
					};
				};
			};
			buildConfigurationList = 474A841D1B320F1B00ADCDFF /* Build configuration list for PBXProject "RestService" */;
			compatibilityVersion = "Xcode 3.2";
			developmentRegion = English;
			hasScannedForEncodings = 0;
			knownRegions = (
				en,
				Base,
			);
			mainGroup = 474A84191B320F1B00ADCDFF;
			productRefGroup = 474A84231B320F1B00ADCDFF /* Products */;
			projectDirPath = "";
			projectRoot = "";
			targets = (
				474A84211B320F1B00ADCDFF /* RestService */,
				474A843A1B320F1B00ADCDFF /* RestServiceTests */,
			);
		};
/* End PBXProject section */

/* Begin PBXResourcesBuildPhase section */
		474A84201B320F1B00ADCDFF /* Resources */ = {
			isa = PBXResourcesBuildPhase;
			buildActionMask = 2147483647;
			files = (
				474A84311B320F1B00ADCDFF /* Main.storyboard in Resources */,
				0420CDBB1B3459D80035DD15 /* spin_down.png in Resources */,
				474A84361B320F1B00ADCDFF /* LaunchScreen.xib in Resources */,
				474A84331B320F1B00ADCDFF /* Images.xcassets in Resources */,
			);
			runOnlyForDeploymentPostprocessing = 0;
		};
		474A84391B320F1B00ADCDFF /* Resources */ = {
			isa = PBXResourcesBuildPhase;
			buildActionMask = 2147483647;
			files = (
			);
			runOnlyForDeploymentPostprocessing = 0;
		};
/* End PBXResourcesBuildPhase section */

/* Begin PBXSourcesBuildPhase section */
		474A841E1B320F1B00ADCDFF /* Sources */ = {
			isa = PBXSourcesBuildPhase;
			buildActionMask = 2147483647;
			files = (
				47BE86E51B339F6800DA0421 /* UIProgressView+AFNetworking.m in Sources */,
				47BE86E31B339F6800DA0421 /* UIButton+AFNetworking.m in Sources */,
				47BE86E61B339F6800DA0421 /* UIRefreshControl+AFNetworking.m in Sources */,
				47BE86E21B339F6800DA0421 /* UIAlertView+AFNetworking.m in Sources */,
				47BE86DB1B339F6800DA0421 /* AFSecurityPolicy.m in Sources */,
				474A842B1B320F1B00ADCDFF /* AppDelegate.m in Sources */,
				47BE86D81B339F6800DA0421 /* AFHTTPRequestOperationManager.m in Sources */,
				47BE86DC1B339F6800DA0421 /* AFURLConnectionOperation.m in Sources */,
				47BE86E41B339F6800DA0421 /* UIImageView+AFNetworking.m in Sources */,
				47BE86D71B339F6800DA0421 /* AFHTTPRequestOperation.m in Sources */,
				47BE86E11B339F6800DA0421 /* UIActivityIndicatorView+AFNetworking.m in Sources */,
				47BE86DD1B339F6800DA0421 /* AFURLRequestSerialization.m in Sources */,
				47BE86D91B339F6800DA0421 /* AFHTTPSessionManager.m in Sources */,
				47BE86DA1B339F6800DA0421 /* AFNetworkReachabilityManager.m in Sources */,
				47BE86E91B33B1A100DA0421 /* ViewController.m in Sources */,
				47BE86DE1B339F6800DA0421 /* AFURLResponseSerialization.m in Sources */,
				47BE86E71B339F6800DA0421 /* UIWebView+AFNetworking.m in Sources */,
				47BE86DF1B339F6800DA0421 /* AFURLSessionManager.m in Sources */,
				47BE86E01B339F6800DA0421 /* AFNetworkActivityIndicatorManager.m in Sources */,
				474A84281B320F1B00ADCDFF /* main.m in Sources */,
			);
			runOnlyForDeploymentPostprocessing = 0;
		};
		474A84371B320F1B00ADCDFF /* Sources */ = {
			isa = PBXSourcesBuildPhase;
			buildActionMask = 2147483647;
			files = (
				474A84421B320F1B00ADCDFF /* RestServiceTests.m in Sources */,
			);
			runOnlyForDeploymentPostprocessing = 0;
		};
/* End PBXSourcesBuildPhase section */

/* Begin PBXTargetDependency section */
		474A843D1B320F1B00ADCDFF /* PBXTargetDependency */ = {
			isa = PBXTargetDependency;
			target = 474A84211B320F1B00ADCDFF /* RestService */;
			targetProxy = 474A843C1B320F1B00ADCDFF /* PBXContainerItemProxy */;
		};
/* End PBXTargetDependency section */

/* Begin PBXVariantGroup section */
		474A842F1B320F1B00ADCDFF /* Main.storyboard */ = {
			isa = PBXVariantGroup;
			children = (
				474A84301B320F1B00ADCDFF /* Base */,
			);
			name = Main.storyboard;
			sourceTree = "<group>";
		};
		474A84341B320F1B00ADCDFF /* LaunchScreen.xib */ = {
			isa = PBXVariantGroup;
			children = (
				474A84351B320F1B00ADCDFF /* Base */,
			);
			name = LaunchScreen.xib;
			sourceTree = "<group>";
		};
/* End PBXVariantGroup section */

/* Begin XCBuildConfiguration section */
		474A84431B320F1B00ADCDFF /* Debug */ = {
			isa = XCBuildConfiguration;
			buildSettings = {
				ALWAYS_SEARCH_USER_PATHS = NO;
				CLANG_CXX_LANGUAGE_STANDARD = "gnu++0x";
				CLANG_CXX_LIBRARY = "libc++";
				CLANG_ENABLE_MODULES = YES;
				CLANG_ENABLE_OBJC_ARC = YES;
				CLANG_WARN_BOOL_CONVERSION = YES;
				CLANG_WARN_CONSTANT_CONVERSION = YES;
				CLANG_WARN_DIRECT_OBJC_ISA_USAGE = YES_ERROR;
				CLANG_WARN_EMPTY_BODY = YES;
				CLANG_WARN_ENUM_CONVERSION = YES;
				CLANG_WARN_INT_CONVERSION = YES;
				CLANG_WARN_OBJC_ROOT_CLASS = YES_ERROR;
				CLANG_WARN_UNREACHABLE_CODE = YES;
				CLANG_WARN__DUPLICATE_METHOD_MATCH = YES;
				"CODE_SIGN_IDENTITY[sdk=iphoneos*]" = "iPhone Developer";
				COPY_PHASE_STRIP = NO;
				DEBUG_INFORMATION_FORMAT = "dwarf-with-dsym";
				ENABLE_STRICT_OBJC_MSGSEND = YES;
				GCC_C_LANGUAGE_STANDARD = gnu99;
				GCC_DYNAMIC_NO_PIC = NO;
				GCC_NO_COMMON_BLOCKS = YES;
				GCC_OPTIMIZATION_LEVEL = 0;
				GCC_PREPROCESSOR_DEFINITIONS = (
					"DEBUG=1",
					"$(inherited)",
				);
				GCC_SYMBOLS_PRIVATE_EXTERN = NO;
				GCC_WARN_64_TO_32_BIT_CONVERSION = YES;
				GCC_WARN_ABOUT_RETURN_TYPE = YES_ERROR;
				GCC_WARN_UNDECLARED_SELECTOR = YES;
				GCC_WARN_UNINITIALIZED_AUTOS = YES_AGGRESSIVE;
				GCC_WARN_UNUSED_FUNCTION = YES;
				GCC_WARN_UNUSED_VARIABLE = YES;
				IPHONEOS_DEPLOYMENT_TARGET = 8.3;
				MTL_ENABLE_DEBUG_INFO = YES;
				ONLY_ACTIVE_ARCH = YES;
				SDKROOT = iphoneos;
			};
			name = Debug;
		};
		474A84441B320F1B00ADCDFF /* Release */ = {
			isa = XCBuildConfiguration;
			buildSettings = {
				ALWAYS_SEARCH_USER_PATHS = NO;
				CLANG_CXX_LANGUAGE_STANDARD = "gnu++0x";
				CLANG_CXX_LIBRARY = "libc++";
				CLANG_ENABLE_MODULES = YES;
				CLANG_ENABLE_OBJC_ARC = YES;
				CLANG_WARN_BOOL_CONVERSION = YES;
				CLANG_WARN_CONSTANT_CONVERSION = YES;
				CLANG_WARN_DIRECT_OBJC_ISA_USAGE = YES_ERROR;
				CLANG_WARN_EMPTY_BODY = YES;
				CLANG_WARN_ENUM_CONVERSION = YES;
				CLANG_WARN_INT_CONVERSION = YES;
				CLANG_WARN_OBJC_ROOT_CLASS = YES_ERROR;
				CLANG_WARN_UNREACHABLE_CODE = YES;
				CLANG_WARN__DUPLICATE_METHOD_MATCH = YES;
				"CODE_SIGN_IDENTITY[sdk=iphoneos*]" = "iPhone Developer";
				COPY_PHASE_STRIP = NO;
				DEBUG_INFORMATION_FORMAT = "dwarf-with-dsym";
				ENABLE_NS_ASSERTIONS = NO;
				ENABLE_STRICT_OBJC_MSGSEND = YES;
				GCC_C_LANGUAGE_STANDARD = gnu99;
				GCC_NO_COMMON_BLOCKS = YES;
				GCC_WARN_64_TO_32_BIT_CONVERSION = YES;
				GCC_WARN_ABOUT_RETURN_TYPE = YES_ERROR;
				GCC_WARN_UNDECLARED_SELECTOR = YES;
				GCC_WARN_UNINITIALIZED_AUTOS = YES_AGGRESSIVE;
				GCC_WARN_UNUSED_FUNCTION = YES;
				GCC_WARN_UNUSED_VARIABLE = YES;
				IPHONEOS_DEPLOYMENT_TARGET = 8.3;
				MTL_ENABLE_DEBUG_INFO = NO;
				SDKROOT = iphoneos;
				VALIDATE_PRODUCT = YES;
			};
			name = Release;
		};
		474A84461B320F1B00ADCDFF /* Debug */ = {
			isa = XCBuildConfiguration;
			buildSettings = {
				ASSETCATALOG_COMPILER_APPICON_NAME = AppIcon;
				INFOPLIST_FILE = RestService/Info.plist;
				IPHONEOS_DEPLOYMENT_TARGET = 7.0;
				LD_RUNPATH_SEARCH_PATHS = "$(inherited) @executable_path/Frameworks";
				PRODUCT_NAME = "$(TARGET_NAME)";
				TARGETED_DEVICE_FAMILY = 1;
			};
			name = Debug;
		};
		474A84471B320F1B00ADCDFF /* Release */ = {
			isa = XCBuildConfiguration;
			buildSettings = {
				ASSETCATALOG_COMPILER_APPICON_NAME = AppIcon;
				INFOPLIST_FILE = RestService/Info.plist;
				IPHONEOS_DEPLOYMENT_TARGET = 7.0;
				LD_RUNPATH_SEARCH_PATHS = "$(inherited) @executable_path/Frameworks";
				PRODUCT_NAME = "$(TARGET_NAME)";
				TARGETED_DEVICE_FAMILY = 1;
			};
			name = Release;
		};
		474A84491B320F1B00ADCDFF /* Debug */ = {
			isa = XCBuildConfiguration;
			buildSettings = {
				BUNDLE_LOADER = "$(TEST_HOST)";
				FRAMEWORK_SEARCH_PATHS = (
					"$(SDKROOT)/Developer/Library/Frameworks",
					"$(inherited)",
				);
				GCC_PREPROCESSOR_DEFINITIONS = (
					"DEBUG=1",
					"$(inherited)",
				);
				INFOPLIST_FILE = RestServiceTests/Info.plist;
				LD_RUNPATH_SEARCH_PATHS = "$(inherited) @executable_path/Frameworks @loader_path/Frameworks";
				PRODUCT_NAME = "$(TARGET_NAME)";
				TEST_HOST = "$(BUILT_PRODUCTS_DIR)/RestService.app/RestService";
			};
			name = Debug;
		};
		474A844A1B320F1B00ADCDFF /* Release */ = {
			isa = XCBuildConfiguration;
			buildSettings = {
				BUNDLE_LOADER = "$(TEST_HOST)";
				FRAMEWORK_SEARCH_PATHS = (
					"$(SDKROOT)/Developer/Library/Frameworks",
					"$(inherited)",
				);
				INFOPLIST_FILE = RestServiceTests/Info.plist;
				LD_RUNPATH_SEARCH_PATHS = "$(inherited) @executable_path/Frameworks @loader_path/Frameworks";
				PRODUCT_NAME = "$(TARGET_NAME)";
				TEST_HOST = "$(BUILT_PRODUCTS_DIR)/RestService.app/RestService";
			};
			name = Release;
		};
/* End XCBuildConfiguration section */

/* Begin XCConfigurationList section */
		474A841D1B320F1B00ADCDFF /* Build configuration list for PBXProject "RestService" */ = {
			isa = XCConfigurationList;
			buildConfigurations = (
				474A84431B320F1B00ADCDFF /* Debug */,
				474A84441B320F1B00ADCDFF /* Release */,
			);
			defaultConfigurationIsVisible = 0;
			defaultConfigurationName = Release;
		};
		474A84451B320F1B00ADCDFF /* Build configuration list for PBXNativeTarget "RestService" */ = {
			isa = XCConfigurationList;
			buildConfigurations = (
				474A84461B320F1B00ADCDFF /* Debug */,
				474A84471B320F1B00ADCDFF /* Release */,
			);
			defaultConfigurationIsVisible = 0;
			defaultConfigurationName = Release;
		};
		474A84481B320F1B00ADCDFF /* Build configuration list for PBXNativeTarget "RestServiceTests" */ = {
			isa = XCConfigurationList;
			buildConfigurations = (
				474A84491B320F1B00ADCDFF /* Debug */,
				474A844A1B320F1B00ADCDFF /* Release */,
			);
			defaultConfigurationIsVisible = 0;
			defaultConfigurationName = Release;
		};
/* End XCConfigurationList section */
	};
	rootObject = 474A841A1B320F1B00ADCDFF /* Project object */;
}
